Microsoft Visual Studio Solution File, Format Version 12.00
# Visual Studio Version 17
VisualStudioVersion = 17.13.35931.197
MinimumVisualStudioVersion = 10.0.40219.1
Project("{FAE04EC0-301F-11D3-BF4B-00C04F79EFBC}") = "TUBES_KPL_KELOMPOK2", "TUBES_KPL_KELOMPOK2\TUBES_KPL_KELOMPOK2.csproj", "{D8FE2486-CF70-416A-AF20-9E52C4335B47}"
EndProject
Project("{FAE04EC0-301F-11D3-BF4B-00C04F79EFBC}") = "APOTEKKU_API_Kelompok2", "APOTEKKU_API_Kelompok2\APOTEKKU_API_Kelompok2.csproj", "{6D256E1A-C151-4A01-9782-B5EBC5C1BF5A}"
EndProject
Project("{FAE04EC0-301F-11D3-BF4B-00C04F79EFBC}") = "TestApotik", "TestApotik\TestApotik.csproj", "{6D383023-B82E-4A2C-A687-B61CE0031F92}"
EndProject
Project("{FAE04EC0-301F-11D3-BF4B-00C04F79EFBC}") = "GUI_KPL", "GUI_KPL\GUI_KPL.csproj", "{2B2DC16C-A8BE-48BD-A4E5-ABB297991D42}"
EndProject
Global
	GlobalSection(SolutionConfigurationPlatforms) = preSolution
		Debug|Any CPU = Debug|Any CPU
		Release|Any CPU = Release|Any CPU
	EndGlobalSection
	GlobalSection(ProjectConfigurationPlatforms) = postSolution
		{D8FE2486-CF70-416A-AF20-9E52C4335B47}.Debug|Any CPU.ActiveCfg = Debug|Any CPU
		{D8FE2486-CF70-416A-AF20-9E52C4335B47}.Debug|Any CPU.Build.0 = Debug|Any CPU
		{D8FE2486-CF70-416A-AF20-9E52C4335B47}.Release|Any CPU.ActiveCfg = Release|Any CPU
		{D8FE2486-CF70-416A-AF20-9E52C4335B47}.Release|Any CPU.Build.0 = Release|Any CPU
		{6D256E1A-C151-4A01-9782-B5EBC5C1BF5A}.Debug|Any CPU.ActiveCfg = Debug|Any CPU
		{6D256E1A-C151-4A01-9782-B5EBC5C1BF5A}.Debug|Any CPU.Build.0 = Debug|Any CPU
		{6D256E1A-C151-4A01-9782-B5EBC5C1BF5A}.Release|Any CPU.ActiveCfg = Release|Any CPU
		{6D256E1A-C151-4A01-9782-B5EBC5C1BF5A}.Release|Any CPU.Build.0 = Release|Any CPU
		{6D383023-B82E-4A2C-A687-B61CE0031F92}.Debug|Any CPU.ActiveCfg = Debug|Any CPU
		{6D383023-B82E-4A2C-A687-B61CE0031F92}.Debug|Any CPU.Build.0 = Debug|Any CPU
		{6D383023-B82E-4A2C-A687-B61CE0031F92}.Release|Any CPU.ActiveCfg = Release|Any CPU
		{6D383023-B82E-4A2C-A687-B61CE0031F92}.Release|Any CPU.Build.0 = Release|Any CPU
		{2B2DC16C-A8BE-48BD-A4E5-ABB297991D42}.Debug|Any CPU.ActiveCfg = Debug|Any CPU
		{2B2DC16C-A8BE-48BD-A4E5-ABB297991D42}.Debug|Any CPU.Build.0 = Debug|Any CPU
		{2B2DC16C-A8BE-48BD-A4E5-ABB297991D42}.Release|Any CPU.ActiveCfg = Release|Any CPU
		{2B2DC16C-A8BE-48BD-A4E5-ABB297991D42}.Release|Any CPU.Build.0 = Release|Any CPU
	EndGlobalSection
	GlobalSection(SolutionProperties) = preSolution
		HideSolutionNode = FALSE
	EndGlobalSection
	GlobalSection(ExtensibilityGlobals) = postSolution
		SolutionGuid = {AB475DBF-4C33-4E87-862C-21C4D51237F9}
	EndGlobalSection
EndGlobal
